// !$*UTF8*$!
{
	archiveVersion = 1;
	classes = {
	};
	objectVersion = 56;
	objects = {

/* Begin PBXBuildFile section */
		C12720842B5AE3230046E11F /* ProiectCMApp.swift in Sources */ = {isa = PBXBuildFile; fileRef = C12720832B5AE3230046E11F /* ProiectCMApp.swift */; };
		C12720862B5AE3230046E11F /* ContentView.swift in Sources */ = {isa = PBXBuildFile; fileRef = C12720852B5AE3230046E11F /* ContentView.swift */; };
		C12720882B5AE3240046E11F /* Assets.xcassets in Resources */ = {isa = PBXBuildFile; fileRef = C12720872B5AE3240046E11F /* Assets.xcassets */; };
		C127208C2B5AE3240046E11F /* Preview Assets.xcassets in Resources */ = {isa = PBXBuildFile; fileRef = C127208B2B5AE3240046E11F /* Preview Assets.xcassets */; };
		C12720932B5AE3600046E11F /* Launch Screen.storyboard in Resources */ = {isa = PBXBuildFile; fileRef = C12720922B5AE3600046E11F /* Launch Screen.storyboard */; };
		C12720992B5AE4820046E11F /* Onboarding.swift in Sources */ = {isa = PBXBuildFile; fileRef = C12720982B5AE4820046E11F /* Onboarding.swift */; };
		C127209C2B5AE49D0046E11F /* Register.swift in Sources */ = {isa = PBXBuildFile; fileRef = C127209B2B5AE49D0046E11F /* Register.swift */; };
		C127209E2B5AE4A50046E11F /* Login.swift in Sources */ = {isa = PBXBuildFile; fileRef = C127209D2B5AE4A50046E11F /* Login.swift */; };
		C12720A02B5AE4AF0046E11F /* Map.swift in Sources */ = {isa = PBXBuildFile; fileRef = C127209F2B5AE4AF0046E11F /* Map.swift */; };
		C1C877F42B5C0EE900F5CA7E /* OnboardingViewModel.swift in Sources */ = {isa = PBXBuildFile; fileRef = C1C877F32B5C0EE900F5CA7E /* OnboardingViewModel.swift */; };
		C1C877F62B5C0EFD00F5CA7E /* OnboardingView.swift in Sources */ = {isa = PBXBuildFile; fileRef = C1C877F52B5C0EFD00F5CA7E /* OnboardingView.swift */; };
		C1C877FA2B5C0F2B00F5CA7E /* LoginView.swift in Sources */ = {isa = PBXBuildFile; fileRef = C1C877F92B5C0F2B00F5CA7E /* LoginView.swift */; };
		C1C877FC2B5C0F3800F5CA7E /* LoginViewModel.swift in Sources */ = {isa = PBXBuildFile; fileRef = C1C877FB2B5C0F3800F5CA7E /* LoginViewModel.swift */; };
		C1C877FE2B5C0F4E00F5CA7E /* RegisterView.swift in Sources */ = {isa = PBXBuildFile; fileRef = C1C877FD2B5C0F4E00F5CA7E /* RegisterView.swift */; };
		C1C878002B5C0F6400F5CA7E /* RegisterViewModel.swift in Sources */ = {isa = PBXBuildFile; fileRef = C1C877FF2B5C0F6400F5CA7E /* RegisterViewModel.swift */; };
		C1C878022B5C0F7400F5CA7E /* MapView.swift in Sources */ = {isa = PBXBuildFile; fileRef = C1C878012B5C0F7400F5CA7E /* MapView.swift */; };
		C1C878042B5C0F8900F5CA7E /* MapViewModel.swift in Sources */ = {isa = PBXBuildFile; fileRef = C1C878032B5C0F8900F5CA7E /* MapViewModel.swift */; };
/* End PBXBuildFile section */

/* Begin PBXFileReference section */
		C12720802B5AE3230046E11F /* ProiectCM.app */ = {isa = PBXFileReference; explicitFileType = wrapper.application; includeInIndex = 0; path = ProiectCM.app; sourceTree = BUILT_PRODUCTS_DIR; };
		C12720832B5AE3230046E11F /* ProiectCMApp.swift */ = {isa = PBXFileReference; lastKnownFileType = sourcecode.swift; path = ProiectCMApp.swift; sourceTree = "<group>"; };
		C12720852B5AE3230046E11F /* ContentView.swift */ = {isa = PBXFileReference; lastKnownFileType = sourcecode.swift; path = ContentView.swift; sourceTree = "<group>"; };
		C12720872B5AE3240046E11F /* Assets.xcassets */ = {isa = PBXFileReference; lastKnownFileType = folder.assetcatalog; path = Assets.xcassets; sourceTree = "<group>"; };
		C12720892B5AE3240046E11F /* ProiectCM.entitlements */ = {isa = PBXFileReference; lastKnownFileType = text.plist.entitlements; path = ProiectCM.entitlements; sourceTree = "<group>"; };
		C127208B2B5AE3240046E11F /* Preview Assets.xcassets */ = {isa = PBXFileReference; lastKnownFileType = folder.assetcatalog; path = "Preview Assets.xcassets"; sourceTree = "<group>"; };
		C12720922B5AE3600046E11F /* Launch Screen.storyboard */ = {isa = PBXFileReference; lastKnownFileType = file.storyboard; path = "Launch Screen.storyboard"; sourceTree = "<group>"; };
		C12720982B5AE4820046E11F /* Onboarding.swift */ = {isa = PBXFileReference; lastKnownFileType = sourcecode.swift; path = Onboarding.swift; sourceTree = "<group>"; };
		C127209B2B5AE49D0046E11F /* Register.swift */ = {isa = PBXFileReference; lastKnownFileType = sourcecode.swift; path = Register.swift; sourceTree = "<group>"; };
		C127209D2B5AE4A50046E11F /* Login.swift */ = {isa = PBXFileReference; lastKnownFileType = sourcecode.swift; path = Login.swift; sourceTree = "<group>"; };
		C127209F2B5AE4AF0046E11F /* Map.swift */ = {isa = PBXFileReference; lastKnownFileType = sourcecode.swift; path = Map.swift; sourceTree = "<group>"; };
		C1C877F32B5C0EE900F5CA7E /* OnboardingViewModel.swift */ = {isa = PBXFileReference; lastKnownFileType = sourcecode.swift; path = OnboardingViewModel.swift; sourceTree = "<group>"; };
		C1C877F52B5C0EFD00F5CA7E /* OnboardingView.swift */ = {isa = PBXFileReference; lastKnownFileType = sourcecode.swift; path = OnboardingView.swift; sourceTree = "<group>"; };
		C1C877F92B5C0F2B00F5CA7E /* LoginView.swift */ = {isa = PBXFileReference; lastKnownFileType = sourcecode.swift; path = LoginView.swift; sourceTree = "<group>"; };
		C1C877FB2B5C0F3800F5CA7E /* LoginViewModel.swift */ = {isa = PBXFileReference; lastKnownFileType = sourcecode.swift; path = LoginViewModel.swift; sourceTree = "<group>"; };
		C1C877FD2B5C0F4E00F5CA7E /* RegisterView.swift */ = {isa = PBXFileReference; lastKnownFileType = sourcecode.swift; path = RegisterView.swift; sourceTree = "<group>"; };
		C1C877FF2B5C0F6400F5CA7E /* RegisterViewModel.swift */ = {isa = PBXFileReference; lastKnownFileType = sourcecode.swift; path = RegisterViewModel.swift; sourceTree = "<group>"; };
		C1C878012B5C0F7400F5CA7E /* MapView.swift */ = {isa = PBXFileReference; lastKnownFileType = sourcecode.swift; path = MapView.swift; sourceTree = "<group>"; };
		C1C878032B5C0F8900F5CA7E /* MapViewModel.swift */ = {isa = PBXFileReference; lastKnownFileType = sourcecode.swift; path = MapViewModel.swift; sourceTree = "<group>"; };
/* End PBXFileReference section */

/* Begin PBXFrameworksBuildPhase section */
		C127207D2B5AE3230046E11F /* Frameworks */ = {
			isa = PBXFrameworksBuildPhase;
			buildActionMask = 2147483647;
			files = (
			);
			runOnlyForDeploymentPostprocessing = 0;
		};
/* End PBXFrameworksBuildPhase section */

/* Begin PBXGroup section */
		C12720772B5AE3220046E11F = {
			isa = PBXGroup;
			children = (
				C12720822B5AE3230046E11F /* ProiectCM */,
				C12720812B5AE3230046E11F /* Products */,
			);
			sourceTree = "<group>";
		};
		C12720812B5AE3230046E11F /* Products */ = {
			isa = PBXGroup;
			children = (
				C12720802B5AE3230046E11F /* ProiectCM.app */,
			);
			name = Products;
			sourceTree = "<group>";
		};
		C12720822B5AE3230046E11F /* ProiectCM */ = {
			isa = PBXGroup;
			children = (
				C12720922B5AE3600046E11F /* Launch Screen.storyboard */,
				C12720832B5AE3230046E11F /* ProiectCMApp.swift */,
				C12720852B5AE3230046E11F /* ContentView.swift */,
				C12720872B5AE3240046E11F /* Assets.xcassets */,
				C12720892B5AE3240046E11F /* ProiectCM.entitlements */,
				C12720942B5AE43E0046E11F /* Flows */,
				C127209A2B5AE4870046E11F /* Model */,
				C127208A2B5AE3240046E11F /* Preview Content */,
			);
			path = ProiectCM;
			sourceTree = "<group>";
		};
		C127208A2B5AE3240046E11F /* Preview Content */ = {
			isa = PBXGroup;
			children = (
				C127208B2B5AE3240046E11F /* Preview Assets.xcassets */,
			);
			path = "Preview Content";
			sourceTree = "<group>";
		};
		C12720942B5AE43E0046E11F /* Flows */ = {
			isa = PBXGroup;
			children = (
				C12720952B5AE44F0046E11F /* Onboarding */,
				C12720962B5AE4560046E11F /* Authentication */,
				C12720972B5AE45E0046E11F /* Map */,
			);
			path = Flows;
			sourceTree = "<group>";
		};
		C12720952B5AE44F0046E11F /* Onboarding */ = {
			isa = PBXGroup;
			children = (
				C1C877F52B5C0EFD00F5CA7E /* OnboardingView.swift */,
				C1C877F32B5C0EE900F5CA7E /* OnboardingViewModel.swift */,
			);
			path = Onboarding;
			sourceTree = "<group>";
		};
		C12720962B5AE4560046E11F /* Authentication */ = {
			isa = PBXGroup;
			children = (
				C1C877F72B5C0F0D00F5CA7E /* Login */,
				C1C877F82B5C0F1500F5CA7E /* Register */,
			);
			path = Authentication;
			sourceTree = "<group>";
		};
		C12720972B5AE45E0046E11F /* Map */ = {
			isa = PBXGroup;
			children = (
				C1C878012B5C0F7400F5CA7E /* MapView.swift */,
				C1C878032B5C0F8900F5CA7E /* MapViewModel.swift */,
			);
			path = Map;
			sourceTree = "<group>";
		};
		C127209A2B5AE4870046E11F /* Model */ = {
			isa = PBXGroup;
			children = (
				C12720982B5AE4820046E11F /* Onboarding.swift */,
				C127209B2B5AE49D0046E11F /* Register.swift */,
				C127209D2B5AE4A50046E11F /* Login.swift */,
				C127209F2B5AE4AF0046E11F /* Map.swift */,
			);
			path = Model;
			sourceTree = "<group>";
		};
		C1C877F72B5C0F0D00F5CA7E /* Login */ = {
			isa = PBXGroup;
			children = (
				C1C877F92B5C0F2B00F5CA7E /* LoginView.swift */,
				C1C877FB2B5C0F3800F5CA7E /* LoginViewModel.swift */,
			);
			path = Login;
			sourceTree = "<group>";
		};
		C1C877F82B5C0F1500F5CA7E /* Register */ = {
			isa = PBXGroup;
			children = (
				C1C877FD2B5C0F4E00F5CA7E /* RegisterView.swift */,
				C1C877FF2B5C0F6400F5CA7E /* RegisterViewModel.swift */,
			);
			path = Register;
			sourceTree = "<group>";
		};
/* End PBXGroup section */

/* Begin PBXNativeTarget section */
		C127207F2B5AE3230046E11F /* ProiectCM */ = {
			isa = PBXNativeTarget;
			buildConfigurationList = C127208F2B5AE3240046E11F /* Build configuration list for PBXNativeTarget "ProiectCM" */;
			buildPhases = (
				C127207C2B5AE3230046E11F /* Sources */,
				C127207D2B5AE3230046E11F /* Frameworks */,
				C127207E2B5AE3230046E11F /* Resources */,
			);
			buildRules = (
			);
			dependencies = (
			);
			name = ProiectCM;
			productName = ProiectCM;
			productReference = C12720802B5AE3230046E11F /* ProiectCM.app */;
			productType = "com.apple.product-type.application";
		};
/* End PBXNativeTarget section */

/* Begin PBXProject section */
		C12720782B5AE3220046E11F /* Project object */ = {
			isa = PBXProject;
			attributes = {
				BuildIndependentTargetsInParallel = 1;
				LastSwiftUpdateCheck = 1520;
				LastUpgradeCheck = 1520;
				TargetAttributes = {
					C127207F2B5AE3230046E11F = {
						CreatedOnToolsVersion = 15.2;
					};
				};
			};
			buildConfigurationList = C127207B2B5AE3220046E11F /* Build configuration list for PBXProject "ProiectCM" */;
			compatibilityVersion = "Xcode 14.0";
			developmentRegion = en;
			hasScannedForEncodings = 0;
			knownRegions = (
				en,
				Base,
			);
			mainGroup = C12720772B5AE3220046E11F;
			productRefGroup = C12720812B5AE3230046E11F /* Products */;
			projectDirPath = "";
			projectRoot = "";
			targets = (
				C127207F2B5AE3230046E11F /* ProiectCM */,
			);
		};
/* End PBXProject section */

/* Begin PBXResourcesBuildPhase section */
		C127207E2B5AE3230046E11F /* Resources */ = {
			isa = PBXResourcesBuildPhase;
			buildActionMask = 2147483647;
			files = (
				C12720932B5AE3600046E11F /* Launch Screen.storyboard in Resources */,
				C127208C2B5AE3240046E11F /* Preview Assets.xcassets in Resources */,
				C12720882B5AE3240046E11F /* Assets.xcassets in Resources */,
			);
			runOnlyForDeploymentPostprocessing = 0;
		};
/* End PBXResourcesBuildPhase section */

/* Begin PBXSourcesBuildPhase section */
		C127207C2B5AE3230046E11F /* Sources */ = {
			isa = PBXSourcesBuildPhase;
			buildActionMask = 2147483647;
			files = (
				C1C877FE2B5C0F4E00F5CA7E /* RegisterView.swift in Sources */,
				C12720992B5AE4820046E11F /* Onboarding.swift in Sources */,
				C127209E2B5AE4A50046E11F /* Login.swift in Sources */,
				C12720862B5AE3230046E11F /* ContentView.swift in Sources */,
				C1C878022B5C0F7400F5CA7E /* MapView.swift in Sources */,
				C1C877FA2B5C0F2B00F5CA7E /* LoginView.swift in Sources */,
				C127209C2B5AE49D0046E11F /* Register.swift in Sources */,
				C12720A02B5AE4AF0046E11F /* Map.swift in Sources */,
				C1C878002B5C0F6400F5CA7E /* RegisterViewModel.swift in Sources */,
				C1C877F62B5C0EFD00F5CA7E /* OnboardingView.swift in Sources */,
				C1C877F42B5C0EE900F5CA7E /* OnboardingViewModel.swift in Sources */,
				C1C878042B5C0F8900F5CA7E /* MapViewModel.swift in Sources */,
				C1C877FC2B5C0F3800F5CA7E /* LoginViewModel.swift in Sources */,
				C12720842B5AE3230046E11F /* ProiectCMApp.swift in Sources */,
			);
			runOnlyForDeploymentPostprocessing = 0;
		};
/* End PBXSourcesBuildPhase section */

/* Begin XCBuildConfiguration section */
		C127208D2B5AE3240046E11F /* Debug */ = {
			isa = XCBuildConfiguration;
			buildSettings = {
				ALWAYS_SEARCH_USER_PATHS = NO;
				ASSETCATALOG_COMPILER_GENERATE_SWIFT_ASSET_SYMBOL_EXTENSIONS = YES;
				CLANG_ANALYZER_NONNULL = YES;
				CLANG_ANALYZER_NUMBER_OBJECT_CONVERSION = YES_AGGRESSIVE;
				CLANG_CXX_LANGUAGE_STANDARD = "gnu++20";
				CLANG_ENABLE_MODULES = YES;
				CLANG_ENABLE_OBJC_ARC = YES;
				CLANG_ENABLE_OBJC_WEAK = YES;
				CLANG_WARN_BLOCK_CAPTURE_AUTORELEASING = YES;
				CLANG_WARN_BOOL_CONVERSION = YES;
				CLANG_WARN_COMMA = YES;
				CLANG_WARN_CONSTANT_CONVERSION = YES;
				CLANG_WARN_DEPRECATED_OBJC_IMPLEMENTATIONS = YES;
				CLANG_WARN_DIRECT_OBJC_ISA_USAGE = YES_ERROR;
				CLANG_WARN_DOCUMENTATION_COMMENTS = YES;
				CLANG_WARN_EMPTY_BODY = YES;
				CLANG_WARN_ENUM_CONVERSION = YES;
				CLANG_WARN_INFINITE_RECURSION = YES;
				CLANG_WARN_INT_CONVERSION = YES;
				CLANG_WARN_NON_LITERAL_NULL_CONVERSION = YES;
				CLANG_WARN_OBJC_IMPLICIT_RETAIN_SELF = YES;
				CLANG_WARN_OBJC_LITERAL_CONVERSION = YES;
				CLANG_WARN_OBJC_ROOT_CLASS = YES_ERROR;
				CLANG_WARN_QUOTED_INCLUDE_IN_FRAMEWORK_HEADER = YES;
				CLANG_WARN_RANGE_LOOP_ANALYSIS = YES;
				CLANG_WARN_STRICT_PROTOTYPES = YES;
				CLANG_WARN_SUSPICIOUS_MOVE = YES;
				CLANG_WARN_UNGUARDED_AVAILABILITY = YES_AGGRESSIVE;
				CLANG_WARN_UNREACHABLE_CODE = YES;
				CLANG_WARN__DUPLICATE_METHOD_MATCH = YES;
				COPY_PHASE_STRIP = NO;
				DEBUG_INFORMATION_FORMAT = dwarf;
				ENABLE_STRICT_OBJC_MSGSEND = YES;
				ENABLE_TESTABILITY = YES;
				ENABLE_USER_SCRIPT_SANDBOXING = YES;
				GCC_C_LANGUAGE_STANDARD = gnu17;
				GCC_DYNAMIC_NO_PIC = NO;
				GCC_NO_COMMON_BLOCKS = YES;
				GCC_OPTIMIZATION_LEVEL = 0;
				GCC_PREPROCESSOR_DEFINITIONS = (
					"DEBUG=1",
					"$(inherited)",
				);
				GCC_WARN_64_TO_32_BIT_CONVERSION = YES;
				GCC_WARN_ABOUT_RETURN_TYPE = YES_ERROR;
				GCC_WARN_UNDECLARED_SELECTOR = YES;
				GCC_WARN_UNINITIALIZED_AUTOS = YES_AGGRESSIVE;
				GCC_WARN_UNUSED_FUNCTION = YES;
				GCC_WARN_UNUSED_VARIABLE = YES;
				LOCALIZATION_PREFERS_STRING_CATALOGS = YES;
				MTL_ENABLE_DEBUG_INFO = INCLUDE_SOURCE;
				MTL_FAST_MATH = YES;
				ONLY_ACTIVE_ARCH = YES;
				SWIFT_ACTIVE_COMPILATION_CONDITIONS = "DEBUG $(inherited)";
				SWIFT_OPTIMIZATION_LEVEL = "-Onone";
			};
			name = Debug;
		};
		C127208E2B5AE3240046E11F /* Release */ = {
			isa = XCBuildConfiguration;
			buildSettings = {
				ALWAYS_SEARCH_USER_PATHS = NO;
				ASSETCATALOG_COMPILER_GENERATE_SWIFT_ASSET_SYMBOL_EXTENSIONS = YES;
				CLANG_ANALYZER_NONNULL = YES;
				CLANG_ANALYZER_NUMBER_OBJECT_CONVERSION = YES_AGGRESSIVE;
				CLANG_CXX_LANGUAGE_STANDARD = "gnu++20";
				CLANG_ENABLE_MODULES = YES;
				CLANG_ENABLE_OBJC_ARC = YES;
				CLANG_ENABLE_OBJC_WEAK = YES;
				CLANG_WARN_BLOCK_CAPTURE_AUTORELEASING = YES;
				CLANG_WARN_BOOL_CONVERSION = YES;
				CLANG_WARN_COMMA = YES;
				CLANG_WARN_CONSTANT_CONVERSION = YES;
				CLANG_WARN_DEPRECATED_OBJC_IMPLEMENTATIONS = YES;
				CLANG_WARN_DIRECT_OBJC_ISA_USAGE = YES_ERROR;
				CLANG_WARN_DOCUMENTATION_COMMENTS = YES;
				CLANG_WARN_EMPTY_BODY = YES;
				CLANG_WARN_ENUM_CONVERSION = YES;
				CLANG_WARN_INFINITE_RECURSION = YES;
				CLANG_WARN_INT_CONVERSION = YES;
				CLANG_WARN_NON_LITERAL_NULL_CONVERSION = YES;
				CLANG_WARN_OBJC_IMPLICIT_RETAIN_SELF = YES;
				CLANG_WARN_OBJC_LITERAL_CONVERSION = YES;
				CLANG_WARN_OBJC_ROOT_CLASS = YES_ERROR;
				CLANG_WARN_QUOTED_INCLUDE_IN_FRAMEWORK_HEADER = YES;
				CLANG_WARN_RANGE_LOOP_ANALYSIS = YES;
				CLANG_WARN_STRICT_PROTOTYPES = YES;
				CLANG_WARN_SUSPICIOUS_MOVE = YES;
				CLANG_WARN_UNGUARDED_AVAILABILITY = YES_AGGRESSIVE;
				CLANG_WARN_UNREACHABLE_CODE = YES;
				CLANG_WARN__DUPLICATE_METHOD_MATCH = YES;
				COPY_PHASE_STRIP = NO;
				DEBUG_INFORMATION_FORMAT = "dwarf-with-dsym";
				ENABLE_NS_ASSERTIONS = NO;
				ENABLE_STRICT_OBJC_MSGSEND = YES;
				ENABLE_USER_SCRIPT_SANDBOXING = YES;
				GCC_C_LANGUAGE_STANDARD = gnu17;
				GCC_NO_COMMON_BLOCKS = YES;
				GCC_WARN_64_TO_32_BIT_CONVERSION = YES;
				GCC_WARN_ABOUT_RETURN_TYPE = YES_ERROR;
				GCC_WARN_UNDECLARED_SELECTOR = YES;
				GCC_WARN_UNINITIALIZED_AUTOS = YES_AGGRESSIVE;
				GCC_WARN_UNUSED_FUNCTION = YES;
				GCC_WARN_UNUSED_VARIABLE = YES;
				LOCALIZATION_PREFERS_STRING_CATALOGS = YES;
				MTL_ENABLE_DEBUG_INFO = NO;
				MTL_FAST_MATH = YES;
				SWIFT_COMPILATION_MODE = wholemodule;
			};
			name = Release;
		};
		C12720902B5AE3240046E11F /* Debug */ = {
			isa = XCBuildConfiguration;
			buildSettings = {
				ASSETCATALOG_COMPILER_APPICON_NAME = AppIcon;
				ASSETCATALOG_COMPILER_GLOBAL_ACCENT_COLOR_NAME = AccentColor;
				CODE_SIGN_ENTITLEMENTS = ProiectCM/ProiectCM.entitlements;
				CODE_SIGN_STYLE = Automatic;
				CURRENT_PROJECT_VERSION = 1;
				DEVELOPMENT_ASSET_PATHS = "\"ProiectCM/Preview Content\"";
				DEVELOPMENT_TEAM = 8W5494684R;
				ENABLE_HARDENED_RUNTIME = YES;
				ENABLE_PREVIEWS = YES;
				GENERATE_INFOPLIST_FILE = YES;
				"INFOPLIST_KEY_UIApplicationSceneManifest_Generation[sdk=iphoneos*]" = YES;
				"INFOPLIST_KEY_UIApplicationSceneManifest_Generation[sdk=iphonesimulator*]" = YES;
				"INFOPLIST_KEY_UIApplicationSupportsIndirectInputEvents[sdk=iphoneos*]" = YES;
				"INFOPLIST_KEY_UIApplicationSupportsIndirectInputEvents[sdk=iphonesimulator*]" = YES;
				"INFOPLIST_KEY_UILaunchScreen_Generation[sdk=iphoneos*]" = YES;
				"INFOPLIST_KEY_UILaunchScreen_Generation[sdk=iphonesimulator*]" = YES;
				INFOPLIST_KEY_UILaunchStoryboardName = "Launch Screen.storyboard";
				"INFOPLIST_KEY_UIStatusBarStyle[sdk=iphoneos*]" = UIStatusBarStyleDefault;
				"INFOPLIST_KEY_UIStatusBarStyle[sdk=iphonesimulator*]" = UIStatusBarStyleDefault;
				INFOPLIST_KEY_UISupportedInterfaceOrientations_iPad = "UIInterfaceOrientationPortrait UIInterfaceOrientationPortraitUpsideDown UIInterfaceOrientationLandscapeLeft UIInterfaceOrientationLandscapeRight";
				INFOPLIST_KEY_UISupportedInterfaceOrientations_iPhone = "UIInterfaceOrientationPortrait UIInterfaceOrientationLandscapeLeft UIInterfaceOrientationLandscapeRight";
				IPHONEOS_DEPLOYMENT_TARGET = 17.2;
				LD_RUNPATH_SEARCH_PATHS = "@executable_path/Frameworks";
				"LD_RUNPATH_SEARCH_PATHS[sdk=macosx*]" = "@executable_path/../Frameworks";
				MACOSX_DEPLOYMENT_TARGET = 14.2;
				MARKETING_VERSION = 1.0;
				PRODUCT_BUNDLE_IDENTIFIER = personal.ProiectCM;
				PRODUCT_NAME = "$(TARGET_NAME)";
				SDKROOT = auto;
				SUPPORTED_PLATFORMS = "iphoneos iphonesimulator macosx";
				SWIFT_EMIT_LOC_STRINGS = YES;
				SWIFT_VERSION = 5.0;
				TARGETED_DEVICE_FAMILY = "1,2";
			};
			name = Debug;
		};
		C12720912B5AE3240046E11F /* Release */ = {
			isa = XCBuildConfiguration;
			buildSettings = {
				ASSETCATALOG_COMPILER_APPICON_NAME = AppIcon;
				ASSETCATALOG_COMPILER_GLOBAL_ACCENT_COLOR_NAME = AccentColor;
				CODE_SIGN_ENTITLEMENTS = ProiectCM/ProiectCM.entitlements;
				CODE_SIGN_STYLE = Automatic;
				CURRENT_PROJECT_VERSION = 1;
				DEVELOPMENT_ASSET_PATHS = "\"ProiectCM/Preview Content\"";
				DEVELOPMENT_TEAM = 8W5494684R;
				ENABLE_HARDENED_RUNTIME = YES;
				ENABLE_PREVIEWS = YES;
				GENERATE_INFOPLIST_FILE = YES;
				"INFOPLIST_KEY_UIApplicationSceneManifest_Generation[sdk=iphoneos*]" = YES;
				"INFOPLIST_KEY_UIApplicationSceneManifest_Generation[sdk=iphonesimulator*]" = YES;
				"INFOPLIST_KEY_UIApplicationSupportsIndirectInputEvents[sdk=iphoneos*]" = YES;
				"INFOPLIST_KEY_UIApplicationSupportsIndirectInputEvents[sdk=iphonesimulator*]" = YES;
				"INFOPLIST_KEY_UILaunchScreen_Generation[sdk=iphoneos*]" = YES;
				"INFOPLIST_KEY_UILaunchScreen_Generation[sdk=iphonesimulator*]" = YES;
				INFOPLIST_KEY_UILaunchStoryboardName = "Launch Screen.storyboard";
				"INFOPLIST_KEY_UIStatusBarStyle[sdk=iphoneos*]" = UIStatusBarStyleDefault;
				"INFOPLIST_KEY_UIStatusBarStyle[sdk=iphonesimulator*]" = UIStatusBarStyleDefault;
				INFOPLIST_KEY_UISupportedInterfaceOrientations_iPad = "UIInterfaceOrientationPortrait UIInterfaceOrientationPortraitUpsideDown UIInterfaceOrientationLandscapeLeft UIInterfaceOrientationLandscapeRight";
				INFOPLIST_KEY_UISupportedInterfaceOrientations_iPhone = "UIInterfaceOrientationPortrait UIInterfaceOrientationLandscapeLeft UIInterfaceOrientationLandscapeRight";
				IPHONEOS_DEPLOYMENT_TARGET = 17.2;
				LD_RUNPATH_SEARCH_PATHS = "@executable_path/Frameworks";
				"LD_RUNPATH_SEARCH_PATHS[sdk=macosx*]" = "@executable_path/../Frameworks";
				MACOSX_DEPLOYMENT_TARGET = 14.2;
				MARKETING_VERSION = 1.0;
				PRODUCT_BUNDLE_IDENTIFIER = personal.ProiectCM;
				PRODUCT_NAME = "$(TARGET_NAME)";
				SDKROOT = auto;
				SUPPORTED_PLATFORMS = "iphoneos iphonesimulator macosx";
				SWIFT_EMIT_LOC_STRINGS = YES;
				SWIFT_VERSION = 5.0;
				TARGETED_DEVICE_FAMILY = "1,2";
			};
			name = Release;
		};
/* End XCBuildConfiguration section */

/* Begin XCConfigurationList section */
		C127207B2B5AE3220046E11F /* Build configuration list for PBXProject "ProiectCM" */ = {
			isa = XCConfigurationList;
			buildConfigurations = (
				C127208D2B5AE3240046E11F /* Debug */,
				C127208E2B5AE3240046E11F /* Release */,
			);
			defaultConfigurationIsVisible = 0;
			defaultConfigurationName = Release;
		};
		C127208F2B5AE3240046E11F /* Build configuration list for PBXNativeTarget "ProiectCM" */ = {
			isa = XCConfigurationList;
			buildConfigurations = (
				C12720902B5AE3240046E11F /* Debug */,
				C12720912B5AE3240046E11F /* Release */,
			);
			defaultConfigurationIsVisible = 0;
			defaultConfigurationName = Release;
		};
/* End XCConfigurationList section */
	};
	rootObject = C12720782B5AE3220046E11F /* Project object */;
}
