// !$*UTF8*$!
{
	archiveVersion = 1;
	classes = {
	};
	objectVersion = 56;
	objects = {

/* Begin PBXBuildFile section */
		C12720842B5AE3230046E11F /* ProiectCMApp.swift in Sources */ = {isa = PBXBuildFile; fileRef = C12720832B5AE3230046E11F /* ProiectCMApp.swift */; };
		C12720862B5AE3230046E11F /* ContentView.swift in Sources */ = {isa = PBXBuildFile; fileRef = C12720852B5AE3230046E11F /* ContentView.swift */; };
		C127208C2B5AE3240046E11F /* Preview Assets.xcassets in Resources */ = {isa = PBXBuildFile; fileRef = C127208B2B5AE3240046E11F /* Preview Assets.xcassets */; };
		C12720932B5AE3600046E11F /* Launch Screen.storyboard in Resources */ = {isa = PBXBuildFile; fileRef = C12720922B5AE3600046E11F /* Launch Screen.storyboard */; };
		C12720992B5AE4820046E11F /* Onboarding.swift in Sources */ = {isa = PBXBuildFile; fileRef = C12720982B5AE4820046E11F /* Onboarding.swift */; };
		C127209C2B5AE49D0046E11F /* Register.swift in Sources */ = {isa = PBXBuildFile; fileRef = C127209B2B5AE49D0046E11F /* Register.swift */; };
		C127209E2B5AE4A50046E11F /* Login.swift in Sources */ = {isa = PBXBuildFile; fileRef = C127209D2B5AE4A50046E11F /* Login.swift */; };
		C12720A02B5AE4AF0046E11F /* Map.swift in Sources */ = {isa = PBXBuildFile; fileRef = C127209F2B5AE4AF0046E11F /* Map.swift */; };
		C1C720CA2B5C1BD500F1CCA5 /* PageNavigationView.swift in Sources */ = {isa = PBXBuildFile; fileRef = C1C720C92B5C1BD500F1CCA5 /* PageNavigationView.swift */; };
		C1C720CD2B5C1D7B00F1CCA5 /* MainCoordinatorViewModel.swift in Sources */ = {isa = PBXBuildFile; fileRef = C1C720CC2B5C1D7B00F1CCA5 /* MainCoordinatorViewModel.swift */; };
		C1C720CF2B5C1DA800F1CCA5 /* MainCoordinatorView.swift in Sources */ = {isa = PBXBuildFile; fileRef = C1C720CE2B5C1DA800F1CCA5 /* MainCoordinatorView.swift */; };
		C1C720D22B5C1EAC00F1CCA5 /* SwiftUINavigation in Frameworks */ = {isa = PBXBuildFile; productRef = C1C720D12B5C1EAC00F1CCA5 /* SwiftUINavigation */; };
		C1C720D42B5C1EAC00F1CCA5 /* SwiftUINavigationCore in Frameworks */ = {isa = PBXBuildFile; productRef = C1C720D32B5C1EAC00F1CCA5 /* SwiftUINavigationCore */; };
		C1C720D72B5C1ECE00F1CCA5 /* NavigationStack in Frameworks */ = {isa = PBXBuildFile; productRef = C1C720D62B5C1ECE00F1CCA5 /* NavigationStack */; };
		C1C720D92B5C201000F1CCA5 /* Session.swift in Sources */ = {isa = PBXBuildFile; fileRef = C1C720D82B5C201000F1CCA5 /* Session.swift */; };
		C1C720DB2B5C201500F1CCA5 /* UserDefault.swift in Sources */ = {isa = PBXBuildFile; fileRef = C1C720DA2B5C201500F1CCA5 /* UserDefault.swift */; };
		C1C720DD2B5C20AD00F1CCA5 /* SelectionView.swift in Sources */ = {isa = PBXBuildFile; fileRef = C1C720DC2B5C20AD00F1CCA5 /* SelectionView.swift */; };
		C1C720DF2B5C256600F1CCA5 /* LoginResponse.swift in Sources */ = {isa = PBXBuildFile; fileRef = C1C720DE2B5C256600F1CCA5 /* LoginResponse.swift */; };
		C1C720E12B5C256D00F1CCA5 /* RegisterResponse.swift in Sources */ = {isa = PBXBuildFile; fileRef = C1C720E02B5C256D00F1CCA5 /* RegisterResponse.swift */; };
		C1C720E62B5C263000F1CCA5 /* RateResponse.swift in Sources */ = {isa = PBXBuildFile; fileRef = C1C720E52B5C263000F1CCA5 /* RateResponse.swift */; };
		C1C720E82B5C282600F1CCA5 /* TextField + Extensions.swift in Sources */ = {isa = PBXBuildFile; fileRef = C1C720E72B5C282600F1CCA5 /* TextField + Extensions.swift */; };
		C1C720EA2B5C282F00F1CCA5 /* Color + Extensions.swift in Sources */ = {isa = PBXBuildFile; fileRef = C1C720E92B5C282F00F1CCA5 /* Color + Extensions.swift */; };
		C1C720EC2B5C283500F1CCA5 /* Font + Extensions.swift in Sources */ = {isa = PBXBuildFile; fileRef = C1C720EB2B5C283500F1CCA5 /* Font + Extensions.swift */; };
		C1C720F22B5C32ED00F1CCA5 /* LocationManager.swift in Sources */ = {isa = PBXBuildFile; fileRef = C1C720F12B5C32ED00F1CCA5 /* LocationManager.swift */; };
		C1C720F42B5C333A00F1CCA5 /* ScooterResponse.swift in Sources */ = {isa = PBXBuildFile; fileRef = C1C720F32B5C333A00F1CCA5 /* ScooterResponse.swift */; };
		C1C720F62B5C33CC00F1CCA5 /* MapAnnotations.swift in Sources */ = {isa = PBXBuildFile; fileRef = C1C720F52B5C33CC00F1CCA5 /* MapAnnotations.swift */; };
		C1C720FB2B5C347000F1CCA5 /* ScooterPopUpViewModel.swift in Sources */ = {isa = PBXBuildFile; fileRef = C1C720F82B5C347000F1CCA5 /* ScooterPopUpViewModel.swift */; };
		C1C720FC2B5C347000F1CCA5 /* ScooterPopUp.swift in Sources */ = {isa = PBXBuildFile; fileRef = C1C720F92B5C347000F1CCA5 /* ScooterPopUp.swift */; };
		C1C720FD2B5C347000F1CCA5 /* ScooterPopUpView.swift in Sources */ = {isa = PBXBuildFile; fileRef = C1C720FA2B5C347000F1CCA5 /* ScooterPopUpView.swift */; };
		C1C721042B5C349D00F1CCA5 /* ScooterSheetView.swift in Sources */ = {isa = PBXBuildFile; fileRef = C1C721032B5C349D00F1CCA5 /* ScooterSheetView.swift */; };
		C1C721052B5C349D00F1CCA5 /* ScooterSheetViewModel.swift in Sources */ = {isa = PBXBuildFile; fileRef = C1C721012B5C349D00F1CCA5 /* ScooterSheetViewModel.swift */; };
		C1C721062B5C349D00F1CCA5 /* ScooterSheet.swift in Sources */ = {isa = PBXBuildFile; fileRef = C1C721022B5C349D00F1CCA5 /* ScooterSheet.swift */; };
		C1C721092B5C3B7E00F1CCA5 /* CustomButton.swift in Sources */ = {isa = PBXBuildFile; fileRef = C1C721082B5C3B7E00F1CCA5 /* CustomButton.swift */; };
		C1C7210B2B5C426D00F1CCA5 /* API.swift in Sources */ = {isa = PBXBuildFile; fileRef = C1C7210A2B5C426D00F1CCA5 /* API.swift */; };
		C1C7210D2B5C47DE00F1CCA5 /* UserResponse.swift in Sources */ = {isa = PBXBuildFile; fileRef = C1C7210C2B5C47DE00F1CCA5 /* UserResponse.swift */; };
		C1C721102B5C483D00F1CCA5 /* Alamofire in Frameworks */ = {isa = PBXBuildFile; productRef = C1C7210F2B5C483D00F1CCA5 /* Alamofire */; };
		C1C877F42B5C0EE900F5CA7E /* OnboardingViewModel.swift in Sources */ = {isa = PBXBuildFile; fileRef = C1C877F32B5C0EE900F5CA7E /* OnboardingViewModel.swift */; };
		C1C877F62B5C0EFD00F5CA7E /* OnboardingView.swift in Sources */ = {isa = PBXBuildFile; fileRef = C1C877F52B5C0EFD00F5CA7E /* OnboardingView.swift */; };
		C1C877FA2B5C0F2B00F5CA7E /* LoginView.swift in Sources */ = {isa = PBXBuildFile; fileRef = C1C877F92B5C0F2B00F5CA7E /* LoginView.swift */; };
		C1C877FC2B5C0F3800F5CA7E /* LoginViewModel.swift in Sources */ = {isa = PBXBuildFile; fileRef = C1C877FB2B5C0F3800F5CA7E /* LoginViewModel.swift */; };
		C1C877FE2B5C0F4E00F5CA7E /* RegisterView.swift in Sources */ = {isa = PBXBuildFile; fileRef = C1C877FD2B5C0F4E00F5CA7E /* RegisterView.swift */; };
		C1C878002B5C0F6400F5CA7E /* RegisterViewModel.swift in Sources */ = {isa = PBXBuildFile; fileRef = C1C877FF2B5C0F6400F5CA7E /* RegisterViewModel.swift */; };
		C1C878022B5C0F7400F5CA7E /* MapView.swift in Sources */ = {isa = PBXBuildFile; fileRef = C1C878012B5C0F7400F5CA7E /* MapView.swift */; };
		C1C878042B5C0F8900F5CA7E /* MapViewModel.swift in Sources */ = {isa = PBXBuildFile; fileRef = C1C878032B5C0F8900F5CA7E /* MapViewModel.swift */; };
		C1C878062B5C135800F5CA7E /* Assets.xcassets in Resources */ = {isa = PBXBuildFile; fileRef = C1C878052B5C135800F5CA7E /* Assets.xcassets */; };
		C1C878092B5C13B800F5CA7E /* SwiftUIIntrospect in Frameworks */ = {isa = PBXBuildFile; productRef = C1C878082B5C13B800F5CA7E /* SwiftUIIntrospect */; };
		C1C8780B2B5C13B800F5CA7E /* SwiftUIIntrospect-Dynamic in Frameworks */ = {isa = PBXBuildFile; productRef = C1C8780A2B5C13B800F5CA7E /* SwiftUIIntrospect-Dynamic */; };
		C1C8780D2B5C13B800F5CA7E /* SwiftUIIntrospect-Static in Frameworks */ = {isa = PBXBuildFile; productRef = C1C8780C2B5C13B800F5CA7E /* SwiftUIIntrospect-Static */; };
/* End PBXBuildFile section */

/* Begin PBXFileReference section */
		C12720802B5AE3230046E11F /* ProiectCM.app */ = {isa = PBXFileReference; explicitFileType = wrapper.application; includeInIndex = 0; path = ProiectCM.app; sourceTree = BUILT_PRODUCTS_DIR; };
		C12720832B5AE3230046E11F /* ProiectCMApp.swift */ = {isa = PBXFileReference; lastKnownFileType = sourcecode.swift; path = ProiectCMApp.swift; sourceTree = "<group>"; };
		C12720852B5AE3230046E11F /* ContentView.swift */ = {isa = PBXFileReference; lastKnownFileType = sourcecode.swift; path = ContentView.swift; sourceTree = "<group>"; };
		C12720892B5AE3240046E11F /* ProiectCM.entitlements */ = {isa = PBXFileReference; lastKnownFileType = text.plist.entitlements; path = ProiectCM.entitlements; sourceTree = "<group>"; };
		C127208B2B5AE3240046E11F /* Preview Assets.xcassets */ = {isa = PBXFileReference; lastKnownFileType = folder.assetcatalog; path = "Preview Assets.xcassets"; sourceTree = "<group>"; };
		C12720922B5AE3600046E11F /* Launch Screen.storyboard */ = {isa = PBXFileReference; lastKnownFileType = file.storyboard; path = "Launch Screen.storyboard"; sourceTree = "<group>"; };
		C12720982B5AE4820046E11F /* Onboarding.swift */ = {isa = PBXFileReference; lastKnownFileType = sourcecode.swift; path = Onboarding.swift; sourceTree = "<group>"; };
		C127209B2B5AE49D0046E11F /* Register.swift */ = {isa = PBXFileReference; lastKnownFileType = sourcecode.swift; path = Register.swift; sourceTree = "<group>"; };
		C127209D2B5AE4A50046E11F /* Login.swift */ = {isa = PBXFileReference; lastKnownFileType = sourcecode.swift; path = Login.swift; sourceTree = "<group>"; };
		C127209F2B5AE4AF0046E11F /* Map.swift */ = {isa = PBXFileReference; lastKnownFileType = sourcecode.swift; path = Map.swift; sourceTree = "<group>"; };
		C1C720C92B5C1BD500F1CCA5 /* PageNavigationView.swift */ = {isa = PBXFileReference; fileEncoding = 4; lastKnownFileType = sourcecode.swift; path = PageNavigationView.swift; sourceTree = "<group>"; };
		C1C720CC2B5C1D7B00F1CCA5 /* MainCoordinatorViewModel.swift */ = {isa = PBXFileReference; lastKnownFileType = sourcecode.swift; path = MainCoordinatorViewModel.swift; sourceTree = "<group>"; };
		C1C720CE2B5C1DA800F1CCA5 /* MainCoordinatorView.swift */ = {isa = PBXFileReference; lastKnownFileType = sourcecode.swift; path = MainCoordinatorView.swift; sourceTree = "<group>"; };
		C1C720D82B5C201000F1CCA5 /* Session.swift */ = {isa = PBXFileReference; fileEncoding = 4; lastKnownFileType = sourcecode.swift; path = Session.swift; sourceTree = "<group>"; };
		C1C720DA2B5C201500F1CCA5 /* UserDefault.swift */ = {isa = PBXFileReference; fileEncoding = 4; lastKnownFileType = sourcecode.swift; path = UserDefault.swift; sourceTree = "<group>"; };
		C1C720DC2B5C20AD00F1CCA5 /* SelectionView.swift */ = {isa = PBXFileReference; fileEncoding = 4; lastKnownFileType = sourcecode.swift; path = SelectionView.swift; sourceTree = "<group>"; };
		C1C720DE2B5C256600F1CCA5 /* LoginResponse.swift */ = {isa = PBXFileReference; fileEncoding = 4; lastKnownFileType = sourcecode.swift; path = LoginResponse.swift; sourceTree = "<group>"; };
		C1C720E02B5C256D00F1CCA5 /* RegisterResponse.swift */ = {isa = PBXFileReference; fileEncoding = 4; lastKnownFileType = sourcecode.swift; path = RegisterResponse.swift; sourceTree = "<group>"; };
		C1C720E52B5C263000F1CCA5 /* RateResponse.swift */ = {isa = PBXFileReference; fileEncoding = 4; lastKnownFileType = sourcecode.swift; path = RateResponse.swift; sourceTree = "<group>"; };
		C1C720E72B5C282600F1CCA5 /* TextField + Extensions.swift */ = {isa = PBXFileReference; fileEncoding = 4; lastKnownFileType = sourcecode.swift; path = "TextField + Extensions.swift"; sourceTree = "<group>"; };
		C1C720E92B5C282F00F1CCA5 /* Color + Extensions.swift */ = {isa = PBXFileReference; fileEncoding = 4; lastKnownFileType = sourcecode.swift; path = "Color + Extensions.swift"; sourceTree = "<group>"; };
		C1C720EB2B5C283500F1CCA5 /* Font + Extensions.swift */ = {isa = PBXFileReference; fileEncoding = 4; lastKnownFileType = sourcecode.swift; path = "Font + Extensions.swift"; sourceTree = "<group>"; };
		C1C720ED2B5C283C00F1CCA5 /* BaiJamjuree-Bold.ttf */ = {isa = PBXFileReference; lastKnownFileType = file; path = "BaiJamjuree-Bold.ttf"; sourceTree = "<group>"; };
		C1C720EE2B5C283C00F1CCA5 /* BaiJamjuree-Medium.ttf */ = {isa = PBXFileReference; lastKnownFileType = file; path = "BaiJamjuree-Medium.ttf"; sourceTree = "<group>"; };
		C1C720EF2B5C283C00F1CCA5 /* BaiJamjuree-Regular.ttf */ = {isa = PBXFileReference; lastKnownFileType = file; path = "BaiJamjuree-Regular.ttf"; sourceTree = "<group>"; };
		C1C720F02B5C283C00F1CCA5 /* BaiJamjuree-SemiBold.ttf */ = {isa = PBXFileReference; lastKnownFileType = file; path = "BaiJamjuree-SemiBold.ttf"; sourceTree = "<group>"; };
		C1C720F12B5C32ED00F1CCA5 /* LocationManager.swift */ = {isa = PBXFileReference; fileEncoding = 4; lastKnownFileType = sourcecode.swift; path = LocationManager.swift; sourceTree = "<group>"; };
		C1C720F32B5C333A00F1CCA5 /* ScooterResponse.swift */ = {isa = PBXFileReference; fileEncoding = 4; lastKnownFileType = sourcecode.swift; path = ScooterResponse.swift; sourceTree = "<group>"; };
		C1C720F52B5C33CC00F1CCA5 /* MapAnnotations.swift */ = {isa = PBXFileReference; fileEncoding = 4; lastKnownFileType = sourcecode.swift; path = MapAnnotations.swift; sourceTree = "<group>"; };
		C1C720F82B5C347000F1CCA5 /* ScooterPopUpViewModel.swift */ = {isa = PBXFileReference; fileEncoding = 4; lastKnownFileType = sourcecode.swift; path = ScooterPopUpViewModel.swift; sourceTree = "<group>"; };
		C1C720F92B5C347000F1CCA5 /* ScooterPopUp.swift */ = {isa = PBXFileReference; fileEncoding = 4; lastKnownFileType = sourcecode.swift; path = ScooterPopUp.swift; sourceTree = "<group>"; };
		C1C720FA2B5C347000F1CCA5 /* ScooterPopUpView.swift */ = {isa = PBXFileReference; fileEncoding = 4; lastKnownFileType = sourcecode.swift; path = ScooterPopUpView.swift; sourceTree = "<group>"; };
		C1C721012B5C349D00F1CCA5 /* ScooterSheetViewModel.swift */ = {isa = PBXFileReference; lastKnownFileType = sourcecode.swift; path = ScooterSheetViewModel.swift; sourceTree = "<group>"; };
		C1C721022B5C349D00F1CCA5 /* ScooterSheet.swift */ = {isa = PBXFileReference; lastKnownFileType = sourcecode.swift; path = ScooterSheet.swift; sourceTree = "<group>"; };
		C1C721032B5C349D00F1CCA5 /* ScooterSheetView.swift */ = {isa = PBXFileReference; lastKnownFileType = sourcecode.swift; path = ScooterSheetView.swift; sourceTree = "<group>"; };
		C1C721082B5C3B7E00F1CCA5 /* CustomButton.swift */ = {isa = PBXFileReference; fileEncoding = 4; lastKnownFileType = sourcecode.swift; path = CustomButton.swift; sourceTree = "<group>"; };
		C1C7210A2B5C426D00F1CCA5 /* API.swift */ = {isa = PBXFileReference; fileEncoding = 4; lastKnownFileType = sourcecode.swift; path = API.swift; sourceTree = "<group>"; };
		C1C7210C2B5C47DE00F1CCA5 /* UserResponse.swift */ = {isa = PBXFileReference; fileEncoding = 4; lastKnownFileType = sourcecode.swift; path = UserResponse.swift; sourceTree = "<group>"; };
		C1C877F32B5C0EE900F5CA7E /* OnboardingViewModel.swift */ = {isa = PBXFileReference; lastKnownFileType = sourcecode.swift; path = OnboardingViewModel.swift; sourceTree = "<group>"; };
		C1C877F52B5C0EFD00F5CA7E /* OnboardingView.swift */ = {isa = PBXFileReference; lastKnownFileType = sourcecode.swift; path = OnboardingView.swift; sourceTree = "<group>"; };
		C1C877F92B5C0F2B00F5CA7E /* LoginView.swift */ = {isa = PBXFileReference; lastKnownFileType = sourcecode.swift; path = LoginView.swift; sourceTree = "<group>"; };
		C1C877FB2B5C0F3800F5CA7E /* LoginViewModel.swift */ = {isa = PBXFileReference; lastKnownFileType = sourcecode.swift; path = LoginViewModel.swift; sourceTree = "<group>"; };
		C1C877FD2B5C0F4E00F5CA7E /* RegisterView.swift */ = {isa = PBXFileReference; lastKnownFileType = sourcecode.swift; path = RegisterView.swift; sourceTree = "<group>"; };
		C1C877FF2B5C0F6400F5CA7E /* RegisterViewModel.swift */ = {isa = PBXFileReference; lastKnownFileType = sourcecode.swift; path = RegisterViewModel.swift; sourceTree = "<group>"; };
		C1C878012B5C0F7400F5CA7E /* MapView.swift */ = {isa = PBXFileReference; lastKnownFileType = sourcecode.swift; path = MapView.swift; sourceTree = "<group>"; };
		C1C878032B5C0F8900F5CA7E /* MapViewModel.swift */ = {isa = PBXFileReference; lastKnownFileType = sourcecode.swift; path = MapViewModel.swift; sourceTree = "<group>"; };
		C1C878052B5C135800F5CA7E /* Assets.xcassets */ = {isa = PBXFileReference; lastKnownFileType = folder.assetcatalog; path = Assets.xcassets; sourceTree = "<group>"; };
/* End PBXFileReference section */

/* Begin PBXFrameworksBuildPhase section */
		C127207D2B5AE3230046E11F /* Frameworks */ = {
			isa = PBXFrameworksBuildPhase;
			buildActionMask = 2147483647;
			files = (
				C1C720D22B5C1EAC00F1CCA5 /* SwiftUINavigation in Frameworks */,
				C1C721102B5C483D00F1CCA5 /* Alamofire in Frameworks */,
				C1C720D72B5C1ECE00F1CCA5 /* NavigationStack in Frameworks */,
				C1C878092B5C13B800F5CA7E /* SwiftUIIntrospect in Frameworks */,
				C1C720D42B5C1EAC00F1CCA5 /* SwiftUINavigationCore in Frameworks */,
				C1C8780B2B5C13B800F5CA7E /* SwiftUIIntrospect-Dynamic in Frameworks */,
				C1C8780D2B5C13B800F5CA7E /* SwiftUIIntrospect-Static in Frameworks */,
			);
			runOnlyForDeploymentPostprocessing = 0;
		};
/* End PBXFrameworksBuildPhase section */

/* Begin PBXGroup section */
		C12720772B5AE3220046E11F = {
			isa = PBXGroup;
			children = (
				C12720822B5AE3230046E11F /* ProiectCM */,
				C12720812B5AE3230046E11F /* Products */,
			);
			sourceTree = "<group>";
		};
		C12720812B5AE3230046E11F /* Products */ = {
			isa = PBXGroup;
			children = (
				C12720802B5AE3230046E11F /* ProiectCM.app */,
			);
			name = Products;
			sourceTree = "<group>";
		};
		C12720822B5AE3230046E11F /* ProiectCM */ = {
			isa = PBXGroup;
			children = (
				C1C878052B5C135800F5CA7E /* Assets.xcassets */,
				C12720922B5AE3600046E11F /* Launch Screen.storyboard */,
				C12720832B5AE3230046E11F /* ProiectCMApp.swift */,
				C12720852B5AE3230046E11F /* ContentView.swift */,
				C12720892B5AE3240046E11F /* ProiectCM.entitlements */,
				C1C720CB2B5C1D5B00F1CCA5 /* Coordinators */,
				C12720942B5AE43E0046E11F /* Flows */,
				C1C720E42B5C258000F1CCA5 /* API */,
				C127209A2B5AE4870046E11F /* Model */,
				C1C720792B5C159900F1CCA5 /* Utils */,
				C127208A2B5AE3240046E11F /* Preview Content */,
			);
			path = ProiectCM;
			sourceTree = "<group>";
		};
		C127208A2B5AE3240046E11F /* Preview Content */ = {
			isa = PBXGroup;
			children = (
				C127208B2B5AE3240046E11F /* Preview Assets.xcassets */,
			);
			path = "Preview Content";
			sourceTree = "<group>";
		};
		C12720942B5AE43E0046E11F /* Flows */ = {
			isa = PBXGroup;
			children = (
				C12720952B5AE44F0046E11F /* Onboarding */,
				C12720962B5AE4560046E11F /* Authentication */,
				C12720972B5AE45E0046E11F /* Map */,
				C1C720F72B5C345800F1CCA5 /* Scooter */,
			);
			path = Flows;
			sourceTree = "<group>";
		};
		C12720952B5AE44F0046E11F /* Onboarding */ = {
			isa = PBXGroup;
			children = (
				C1C877F52B5C0EFD00F5CA7E /* OnboardingView.swift */,
				C1C877F32B5C0EE900F5CA7E /* OnboardingViewModel.swift */,
			);
			path = Onboarding;
			sourceTree = "<group>";
		};
		C12720962B5AE4560046E11F /* Authentication */ = {
			isa = PBXGroup;
			children = (
				C1C877F72B5C0F0D00F5CA7E /* Login */,
				C1C877F82B5C0F1500F5CA7E /* Register */,
			);
			path = Authentication;
			sourceTree = "<group>";
		};
		C12720972B5AE45E0046E11F /* Map */ = {
			isa = PBXGroup;
			children = (
				C1C878012B5C0F7400F5CA7E /* MapView.swift */,
				C1C878032B5C0F8900F5CA7E /* MapViewModel.swift */,
			);
			path = Map;
			sourceTree = "<group>";
		};
		C127209A2B5AE4870046E11F /* Model */ = {
			isa = PBXGroup;
			children = (
				C1C7210C2B5C47DE00F1CCA5 /* UserResponse.swift */,
				C12720982B5AE4820046E11F /* Onboarding.swift */,
				C127209B2B5AE49D0046E11F /* Register.swift */,
				C127209D2B5AE4A50046E11F /* Login.swift */,
				C127209F2B5AE4AF0046E11F /* Map.swift */,
			);
			path = Model;
			sourceTree = "<group>";
		};
		C1C720792B5C159900F1CCA5 /* Utils */ = {
			isa = PBXGroup;
			children = (
				C1C721082B5C3B7E00F1CCA5 /* CustomButton.swift */,
				C1C720F52B5C33CC00F1CCA5 /* MapAnnotations.swift */,
				C1C720F32B5C333A00F1CCA5 /* ScooterResponse.swift */,
				C1C720F12B5C32ED00F1CCA5 /* LocationManager.swift */,
				C1C720ED2B5C283C00F1CCA5 /* BaiJamjuree-Bold.ttf */,
				C1C720EE2B5C283C00F1CCA5 /* BaiJamjuree-Medium.ttf */,
				C1C720EF2B5C283C00F1CCA5 /* BaiJamjuree-Regular.ttf */,
				C1C720F02B5C283C00F1CCA5 /* BaiJamjuree-SemiBold.ttf */,
				C1C720EB2B5C283500F1CCA5 /* Font + Extensions.swift */,
				C1C720E92B5C282F00F1CCA5 /* Color + Extensions.swift */,
				C1C720E72B5C282600F1CCA5 /* TextField + Extensions.swift */,
				C1C720E52B5C263000F1CCA5 /* RateResponse.swift */,
				C1C720E02B5C256D00F1CCA5 /* RegisterResponse.swift */,
				C1C720DE2B5C256600F1CCA5 /* LoginResponse.swift */,
				C1C720DC2B5C20AD00F1CCA5 /* SelectionView.swift */,
				C1C720D82B5C201000F1CCA5 /* Session.swift */,
				C1C720DA2B5C201500F1CCA5 /* UserDefault.swift */,
				C1C720C92B5C1BD500F1CCA5 /* PageNavigationView.swift */,
			);
			path = Utils;
			sourceTree = "<group>";
		};
		C1C720CB2B5C1D5B00F1CCA5 /* Coordinators */ = {
			isa = PBXGroup;
			children = (
				C1C720CE2B5C1DA800F1CCA5 /* MainCoordinatorView.swift */,
				C1C720CC2B5C1D7B00F1CCA5 /* MainCoordinatorViewModel.swift */,
			);
			path = Coordinators;
			sourceTree = "<group>";
		};
		C1C720E42B5C258000F1CCA5 /* API */ = {
			isa = PBXGroup;
			children = (
				C1C7210A2B5C426D00F1CCA5 /* API.swift */,
			);
			path = API;
			sourceTree = "<group>";
		};
		C1C720F72B5C345800F1CCA5 /* Scooter */ = {
			isa = PBXGroup;
			children = (
				C1C721072B5C34A800F1CCA5 /* ScooterSheet */,
				C1C720FE2B5C347A00F1CCA5 /* Scooter pop-up */,
			);
			path = Scooter;
			sourceTree = "<group>";
		};
		C1C720FE2B5C347A00F1CCA5 /* Scooter pop-up */ = {
			isa = PBXGroup;
			children = (
				C1C720F92B5C347000F1CCA5 /* ScooterPopUp.swift */,
				C1C720FA2B5C347000F1CCA5 /* ScooterPopUpView.swift */,
				C1C720F82B5C347000F1CCA5 /* ScooterPopUpViewModel.swift */,
			);
			name = "Scooter pop-up";
			sourceTree = "<group>";
		};
		C1C721072B5C34A800F1CCA5 /* ScooterSheet */ = {
			isa = PBXGroup;
			children = (
				C1C721022B5C349D00F1CCA5 /* ScooterSheet.swift */,
				C1C721032B5C349D00F1CCA5 /* ScooterSheetView.swift */,
				C1C721012B5C349D00F1CCA5 /* ScooterSheetViewModel.swift */,
			);
			name = ScooterSheet;
			sourceTree = "<group>";
		};
		C1C877F72B5C0F0D00F5CA7E /* Login */ = {
			isa = PBXGroup;
			children = (
				C1C877F92B5C0F2B00F5CA7E /* LoginView.swift */,
				C1C877FB2B5C0F3800F5CA7E /* LoginViewModel.swift */,
			);
			path = Login;
			sourceTree = "<group>";
		};
		C1C877F82B5C0F1500F5CA7E /* Register */ = {
			isa = PBXGroup;
			children = (
				C1C877FD2B5C0F4E00F5CA7E /* RegisterView.swift */,
				C1C877FF2B5C0F6400F5CA7E /* RegisterViewModel.swift */,
			);
			path = Register;
			sourceTree = "<group>";
		};
/* End PBXGroup section */

/* Begin PBXNativeTarget section */
		C127207F2B5AE3230046E11F /* ProiectCM */ = {
			isa = PBXNativeTarget;
			buildConfigurationList = C127208F2B5AE3240046E11F /* Build configuration list for PBXNativeTarget "ProiectCM" */;
			buildPhases = (
				C127207C2B5AE3230046E11F /* Sources */,
				C127207D2B5AE3230046E11F /* Frameworks */,
				C127207E2B5AE3230046E11F /* Resources */,
			);
			buildRules = (
			);
			dependencies = (
			);
			name = ProiectCM;
			packageProductDependencies = (
				C1C878082B5C13B800F5CA7E /* SwiftUIIntrospect */,
				C1C8780A2B5C13B800F5CA7E /* SwiftUIIntrospect-Dynamic */,
				C1C8780C2B5C13B800F5CA7E /* SwiftUIIntrospect-Static */,
				C1C720D12B5C1EAC00F1CCA5 /* SwiftUINavigation */,
				C1C720D32B5C1EAC00F1CCA5 /* SwiftUINavigationCore */,
				C1C720D62B5C1ECE00F1CCA5 /* NavigationStack */,
				C1C7210F2B5C483D00F1CCA5 /* Alamofire */,
			);
			productName = ProiectCM;
			productReference = C12720802B5AE3230046E11F /* ProiectCM.app */;
			productType = "com.apple.product-type.application";
		};
/* End PBXNativeTarget section */

/* Begin PBXProject section */
		C12720782B5AE3220046E11F /* Project object */ = {
			isa = PBXProject;
			attributes = {
				BuildIndependentTargetsInParallel = 1;
				LastSwiftUpdateCheck = 1520;
				LastUpgradeCheck = 1520;
				TargetAttributes = {
					C127207F2B5AE3230046E11F = {
						CreatedOnToolsVersion = 15.2;
					};
				};
			};
			buildConfigurationList = C127207B2B5AE3220046E11F /* Build configuration list for PBXProject "ProiectCM" */;
			compatibilityVersion = "Xcode 14.0";
			developmentRegion = en;
			hasScannedForEncodings = 0;
			knownRegions = (
				en,
				Base,
			);
			mainGroup = C12720772B5AE3220046E11F;
			packageReferences = (
				C1C878072B5C13B800F5CA7E /* XCRemoteSwiftPackageReference "swiftui-introspect" */,
				C1C720D02B5C1EAC00F1CCA5 /* XCRemoteSwiftPackageReference "swiftui-navigation" */,
				C1C720D52B5C1ECE00F1CCA5 /* XCRemoteSwiftPackageReference "swiftui-navigation-stack" */,
				C1C7210E2B5C483D00F1CCA5 /* XCRemoteSwiftPackageReference "Alamofire" */,
			);
			productRefGroup = C12720812B5AE3230046E11F /* Products */;
			projectDirPath = "";
			projectRoot = "";
			targets = (
				C127207F2B5AE3230046E11F /* ProiectCM */,
			);
		};
/* End PBXProject section */

/* Begin PBXResourcesBuildPhase section */
		C127207E2B5AE3230046E11F /* Resources */ = {
			isa = PBXResourcesBuildPhase;
			buildActionMask = 2147483647;
			files = (
				C12720932B5AE3600046E11F /* Launch Screen.storyboard in Resources */,
				C1C878062B5C135800F5CA7E /* Assets.xcassets in Resources */,
				C127208C2B5AE3240046E11F /* Preview Assets.xcassets in Resources */,
			);
			runOnlyForDeploymentPostprocessing = 0;
		};
/* End PBXResourcesBuildPhase section */

/* Begin PBXSourcesBuildPhase section */
		C127207C2B5AE3230046E11F /* Sources */ = {
			isa = PBXSourcesBuildPhase;
			buildActionMask = 2147483647;
			files = (
				C1C720FC2B5C347000F1CCA5 /* ScooterPopUp.swift in Sources */,
				C1C720FB2B5C347000F1CCA5 /* ScooterPopUpViewModel.swift in Sources */,
				C1C877FE2B5C0F4E00F5CA7E /* RegisterView.swift in Sources */,
				C1C720E12B5C256D00F1CCA5 /* RegisterResponse.swift in Sources */,
				C12720992B5AE4820046E11F /* Onboarding.swift in Sources */,
				C1C720FD2B5C347000F1CCA5 /* ScooterPopUpView.swift in Sources */,
				C1C720F62B5C33CC00F1CCA5 /* MapAnnotations.swift in Sources */,
				C127209E2B5AE4A50046E11F /* Login.swift in Sources */,
				C1C7210B2B5C426D00F1CCA5 /* API.swift in Sources */,
				C1C721092B5C3B7E00F1CCA5 /* CustomButton.swift in Sources */,
				C1C721042B5C349D00F1CCA5 /* ScooterSheetView.swift in Sources */,
				C12720862B5AE3230046E11F /* ContentView.swift in Sources */,
				C1C878022B5C0F7400F5CA7E /* MapView.swift in Sources */,
				C1C7210D2B5C47DE00F1CCA5 /* UserResponse.swift in Sources */,
				C1C877FA2B5C0F2B00F5CA7E /* LoginView.swift in Sources */,
				C1C720EA2B5C282F00F1CCA5 /* Color + Extensions.swift in Sources */,
				C1C721062B5C349D00F1CCA5 /* ScooterSheet.swift in Sources */,
				C127209C2B5AE49D0046E11F /* Register.swift in Sources */,
				C1C720E62B5C263000F1CCA5 /* RateResponse.swift in Sources */,
				C1C721052B5C349D00F1CCA5 /* ScooterSheetViewModel.swift in Sources */,
				C12720A02B5AE4AF0046E11F /* Map.swift in Sources */,
				C1C720D92B5C201000F1CCA5 /* Session.swift in Sources */,
				C1C878002B5C0F6400F5CA7E /* RegisterViewModel.swift in Sources */,
				C1C720F42B5C333A00F1CCA5 /* ScooterResponse.swift in Sources */,
				C1C720EC2B5C283500F1CCA5 /* Font + Extensions.swift in Sources */,
				C1C720E82B5C282600F1CCA5 /* TextField + Extensions.swift in Sources */,
				C1C720CF2B5C1DA800F1CCA5 /* MainCoordinatorView.swift in Sources */,
				C1C720CD2B5C1D7B00F1CCA5 /* MainCoordinatorViewModel.swift in Sources */,
				C1C877F62B5C0EFD00F5CA7E /* OnboardingView.swift in Sources */,
				C1C720CA2B5C1BD500F1CCA5 /* PageNavigationView.swift in Sources */,
				C1C877F42B5C0EE900F5CA7E /* OnboardingViewModel.swift in Sources */,
				C1C878042B5C0F8900F5CA7E /* MapViewModel.swift in Sources */,
				C1C720DB2B5C201500F1CCA5 /* UserDefault.swift in Sources */,
				C1C877FC2B5C0F3800F5CA7E /* LoginViewModel.swift in Sources */,
				C1C720F22B5C32ED00F1CCA5 /* LocationManager.swift in Sources */,
				C12720842B5AE3230046E11F /* ProiectCMApp.swift in Sources */,
				C1C720DD2B5C20AD00F1CCA5 /* SelectionView.swift in Sources */,
				C1C720DF2B5C256600F1CCA5 /* LoginResponse.swift in Sources */,
			);
			runOnlyForDeploymentPostprocessing = 0;
		};
/* End PBXSourcesBuildPhase section */

/* Begin XCBuildConfiguration section */
		C127208D2B5AE3240046E11F /* Debug */ = {
			isa = XCBuildConfiguration;
			buildSettings = {
				ALWAYS_SEARCH_USER_PATHS = NO;
				ASSETCATALOG_COMPILER_GENERATE_SWIFT_ASSET_SYMBOL_EXTENSIONS = YES;
				CLANG_ANALYZER_NONNULL = YES;
				CLANG_ANALYZER_NUMBER_OBJECT_CONVERSION = YES_AGGRESSIVE;
				CLANG_CXX_LANGUAGE_STANDARD = "gnu++20";
				CLANG_ENABLE_MODULES = YES;
				CLANG_ENABLE_OBJC_ARC = YES;
				CLANG_ENABLE_OBJC_WEAK = YES;
				CLANG_WARN_BLOCK_CAPTURE_AUTORELEASING = YES;
				CLANG_WARN_BOOL_CONVERSION = YES;
				CLANG_WARN_COMMA = YES;
				CLANG_WARN_CONSTANT_CONVERSION = YES;
				CLANG_WARN_DEPRECATED_OBJC_IMPLEMENTATIONS = YES;
				CLANG_WARN_DIRECT_OBJC_ISA_USAGE = YES_ERROR;
				CLANG_WARN_DOCUMENTATION_COMMENTS = YES;
				CLANG_WARN_EMPTY_BODY = YES;
				CLANG_WARN_ENUM_CONVERSION = YES;
				CLANG_WARN_INFINITE_RECURSION = YES;
				CLANG_WARN_INT_CONVERSION = YES;
				CLANG_WARN_NON_LITERAL_NULL_CONVERSION = YES;
				CLANG_WARN_OBJC_IMPLICIT_RETAIN_SELF = YES;
				CLANG_WARN_OBJC_LITERAL_CONVERSION = YES;
				CLANG_WARN_OBJC_ROOT_CLASS = YES_ERROR;
				CLANG_WARN_QUOTED_INCLUDE_IN_FRAMEWORK_HEADER = YES;
				CLANG_WARN_RANGE_LOOP_ANALYSIS = YES;
				CLANG_WARN_STRICT_PROTOTYPES = YES;
				CLANG_WARN_SUSPICIOUS_MOVE = YES;
				CLANG_WARN_UNGUARDED_AVAILABILITY = YES_AGGRESSIVE;
				CLANG_WARN_UNREACHABLE_CODE = YES;
				CLANG_WARN__DUPLICATE_METHOD_MATCH = YES;
				COPY_PHASE_STRIP = NO;
				DEBUG_INFORMATION_FORMAT = dwarf;
				ENABLE_STRICT_OBJC_MSGSEND = YES;
				ENABLE_TESTABILITY = YES;
				ENABLE_USER_SCRIPT_SANDBOXING = YES;
				GCC_C_LANGUAGE_STANDARD = gnu17;
				GCC_DYNAMIC_NO_PIC = NO;
				GCC_NO_COMMON_BLOCKS = YES;
				GCC_OPTIMIZATION_LEVEL = 0;
				GCC_PREPROCESSOR_DEFINITIONS = (
					"DEBUG=1",
					"$(inherited)",
				);
				GCC_WARN_64_TO_32_BIT_CONVERSION = YES;
				GCC_WARN_ABOUT_RETURN_TYPE = YES_ERROR;
				GCC_WARN_UNDECLARED_SELECTOR = YES;
				GCC_WARN_UNINITIALIZED_AUTOS = YES_AGGRESSIVE;
				GCC_WARN_UNUSED_FUNCTION = YES;
				GCC_WARN_UNUSED_VARIABLE = YES;
				LOCALIZATION_PREFERS_STRING_CATALOGS = YES;
				MTL_ENABLE_DEBUG_INFO = INCLUDE_SOURCE;
				MTL_FAST_MATH = YES;
				ONLY_ACTIVE_ARCH = YES;
				SWIFT_ACTIVE_COMPILATION_CONDITIONS = "DEBUG $(inherited)";
				SWIFT_OPTIMIZATION_LEVEL = "-Onone";
			};
			name = Debug;
		};
		C127208E2B5AE3240046E11F /* Release */ = {
			isa = XCBuildConfiguration;
			buildSettings = {
				ALWAYS_SEARCH_USER_PATHS = NO;
				ASSETCATALOG_COMPILER_GENERATE_SWIFT_ASSET_SYMBOL_EXTENSIONS = YES;
				CLANG_ANALYZER_NONNULL = YES;
				CLANG_ANALYZER_NUMBER_OBJECT_CONVERSION = YES_AGGRESSIVE;
				CLANG_CXX_LANGUAGE_STANDARD = "gnu++20";
				CLANG_ENABLE_MODULES = YES;
				CLANG_ENABLE_OBJC_ARC = YES;
				CLANG_ENABLE_OBJC_WEAK = YES;
				CLANG_WARN_BLOCK_CAPTURE_AUTORELEASING = YES;
				CLANG_WARN_BOOL_CONVERSION = YES;
				CLANG_WARN_COMMA = YES;
				CLANG_WARN_CONSTANT_CONVERSION = YES;
				CLANG_WARN_DEPRECATED_OBJC_IMPLEMENTATIONS = YES;
				CLANG_WARN_DIRECT_OBJC_ISA_USAGE = YES_ERROR;
				CLANG_WARN_DOCUMENTATION_COMMENTS = YES;
				CLANG_WARN_EMPTY_BODY = YES;
				CLANG_WARN_ENUM_CONVERSION = YES;
				CLANG_WARN_INFINITE_RECURSION = YES;
				CLANG_WARN_INT_CONVERSION = YES;
				CLANG_WARN_NON_LITERAL_NULL_CONVERSION = YES;
				CLANG_WARN_OBJC_IMPLICIT_RETAIN_SELF = YES;
				CLANG_WARN_OBJC_LITERAL_CONVERSION = YES;
				CLANG_WARN_OBJC_ROOT_CLASS = YES_ERROR;
				CLANG_WARN_QUOTED_INCLUDE_IN_FRAMEWORK_HEADER = YES;
				CLANG_WARN_RANGE_LOOP_ANALYSIS = YES;
				CLANG_WARN_STRICT_PROTOTYPES = YES;
				CLANG_WARN_SUSPICIOUS_MOVE = YES;
				CLANG_WARN_UNGUARDED_AVAILABILITY = YES_AGGRESSIVE;
				CLANG_WARN_UNREACHABLE_CODE = YES;
				CLANG_WARN__DUPLICATE_METHOD_MATCH = YES;
				COPY_PHASE_STRIP = NO;
				DEBUG_INFORMATION_FORMAT = "dwarf-with-dsym";
				ENABLE_NS_ASSERTIONS = NO;
				ENABLE_STRICT_OBJC_MSGSEND = YES;
				ENABLE_USER_SCRIPT_SANDBOXING = YES;
				GCC_C_LANGUAGE_STANDARD = gnu17;
				GCC_NO_COMMON_BLOCKS = YES;
				GCC_WARN_64_TO_32_BIT_CONVERSION = YES;
				GCC_WARN_ABOUT_RETURN_TYPE = YES_ERROR;
				GCC_WARN_UNDECLARED_SELECTOR = YES;
				GCC_WARN_UNINITIALIZED_AUTOS = YES_AGGRESSIVE;
				GCC_WARN_UNUSED_FUNCTION = YES;
				GCC_WARN_UNUSED_VARIABLE = YES;
				LOCALIZATION_PREFERS_STRING_CATALOGS = YES;
				MTL_ENABLE_DEBUG_INFO = NO;
				MTL_FAST_MATH = YES;
				SWIFT_COMPILATION_MODE = wholemodule;
			};
			name = Release;
		};
		C12720902B5AE3240046E11F /* Debug */ = {
			isa = XCBuildConfiguration;
			buildSettings = {
				ASSETCATALOG_COMPILER_APPICON_NAME = AppIcon;
				ASSETCATALOG_COMPILER_GLOBAL_ACCENT_COLOR_NAME = AccentColor;
				CODE_SIGN_ENTITLEMENTS = ProiectCM/ProiectCM.entitlements;
				CODE_SIGN_STYLE = Automatic;
				CURRENT_PROJECT_VERSION = 1;
				DEVELOPMENT_ASSET_PATHS = "\"ProiectCM/Preview Content\"";
				DEVELOPMENT_TEAM = 8W5494684R;
				ENABLE_HARDENED_RUNTIME = YES;
				ENABLE_PREVIEWS = YES;
				GENERATE_INFOPLIST_FILE = YES;
				"INFOPLIST_KEY_UIApplicationSceneManifest_Generation[sdk=iphoneos*]" = YES;
				"INFOPLIST_KEY_UIApplicationSceneManifest_Generation[sdk=iphonesimulator*]" = YES;
				"INFOPLIST_KEY_UIApplicationSupportsIndirectInputEvents[sdk=iphoneos*]" = YES;
				"INFOPLIST_KEY_UIApplicationSupportsIndirectInputEvents[sdk=iphonesimulator*]" = YES;
				"INFOPLIST_KEY_UILaunchScreen_Generation[sdk=iphoneos*]" = YES;
				"INFOPLIST_KEY_UILaunchScreen_Generation[sdk=iphonesimulator*]" = YES;
				INFOPLIST_KEY_UILaunchStoryboardName = "Launch Screen.storyboard";
				"INFOPLIST_KEY_UIStatusBarStyle[sdk=iphoneos*]" = UIStatusBarStyleDefault;
				"INFOPLIST_KEY_UIStatusBarStyle[sdk=iphonesimulator*]" = UIStatusBarStyleDefault;
				INFOPLIST_KEY_UISupportedInterfaceOrientations_iPad = "UIInterfaceOrientationPortrait UIInterfaceOrientationPortraitUpsideDown UIInterfaceOrientationLandscapeLeft UIInterfaceOrientationLandscapeRight";
				INFOPLIST_KEY_UISupportedInterfaceOrientations_iPhone = "UIInterfaceOrientationPortrait UIInterfaceOrientationLandscapeLeft UIInterfaceOrientationLandscapeRight";
				IPHONEOS_DEPLOYMENT_TARGET = 17.2;
				LD_RUNPATH_SEARCH_PATHS = "@executable_path/Frameworks";
				"LD_RUNPATH_SEARCH_PATHS[sdk=macosx*]" = "@executable_path/../Frameworks";
				MACOSX_DEPLOYMENT_TARGET = 14.2;
				MARKETING_VERSION = 1.0;
				PRODUCT_BUNDLE_IDENTIFIER = personal.ProiectCM;
				PRODUCT_NAME = "$(TARGET_NAME)";
				SDKROOT = auto;
				SUPPORTED_PLATFORMS = "iphoneos iphonesimulator macosx";
				SWIFT_EMIT_LOC_STRINGS = YES;
				SWIFT_VERSION = 5.0;
				TARGETED_DEVICE_FAMILY = "1,2";
			};
			name = Debug;
		};
		C12720912B5AE3240046E11F /* Release */ = {
			isa = XCBuildConfiguration;
			buildSettings = {
				ASSETCATALOG_COMPILER_APPICON_NAME = AppIcon;
				ASSETCATALOG_COMPILER_GLOBAL_ACCENT_COLOR_NAME = AccentColor;
				CODE_SIGN_ENTITLEMENTS = ProiectCM/ProiectCM.entitlements;
				CODE_SIGN_STYLE = Automatic;
				CURRENT_PROJECT_VERSION = 1;
				DEVELOPMENT_ASSET_PATHS = "\"ProiectCM/Preview Content\"";
				DEVELOPMENT_TEAM = 8W5494684R;
				ENABLE_HARDENED_RUNTIME = YES;
				ENABLE_PREVIEWS = YES;
				GENERATE_INFOPLIST_FILE = YES;
				"INFOPLIST_KEY_UIApplicationSceneManifest_Generation[sdk=iphoneos*]" = YES;
				"INFOPLIST_KEY_UIApplicationSceneManifest_Generation[sdk=iphonesimulator*]" = YES;
				"INFOPLIST_KEY_UIApplicationSupportsIndirectInputEvents[sdk=iphoneos*]" = YES;
				"INFOPLIST_KEY_UIApplicationSupportsIndirectInputEvents[sdk=iphonesimulator*]" = YES;
				"INFOPLIST_KEY_UILaunchScreen_Generation[sdk=iphoneos*]" = YES;
				"INFOPLIST_KEY_UILaunchScreen_Generation[sdk=iphonesimulator*]" = YES;
				INFOPLIST_KEY_UILaunchStoryboardName = "Launch Screen.storyboard";
				"INFOPLIST_KEY_UIStatusBarStyle[sdk=iphoneos*]" = UIStatusBarStyleDefault;
				"INFOPLIST_KEY_UIStatusBarStyle[sdk=iphonesimulator*]" = UIStatusBarStyleDefault;
				INFOPLIST_KEY_UISupportedInterfaceOrientations_iPad = "UIInterfaceOrientationPortrait UIInterfaceOrientationPortraitUpsideDown UIInterfaceOrientationLandscapeLeft UIInterfaceOrientationLandscapeRight";
				INFOPLIST_KEY_UISupportedInterfaceOrientations_iPhone = "UIInterfaceOrientationPortrait UIInterfaceOrientationLandscapeLeft UIInterfaceOrientationLandscapeRight";
				IPHONEOS_DEPLOYMENT_TARGET = 17.2;
				LD_RUNPATH_SEARCH_PATHS = "@executable_path/Frameworks";
				"LD_RUNPATH_SEARCH_PATHS[sdk=macosx*]" = "@executable_path/../Frameworks";
				MACOSX_DEPLOYMENT_TARGET = 14.2;
				MARKETING_VERSION = 1.0;
				PRODUCT_BUNDLE_IDENTIFIER = personal.ProiectCM;
				PRODUCT_NAME = "$(TARGET_NAME)";
				SDKROOT = auto;
				SUPPORTED_PLATFORMS = "iphoneos iphonesimulator macosx";
				SWIFT_EMIT_LOC_STRINGS = YES;
				SWIFT_VERSION = 5.0;
				TARGETED_DEVICE_FAMILY = "1,2";
			};
			name = Release;
		};
/* End XCBuildConfiguration section */

/* Begin XCConfigurationList section */
		C127207B2B5AE3220046E11F /* Build configuration list for PBXProject "ProiectCM" */ = {
			isa = XCConfigurationList;
			buildConfigurations = (
				C127208D2B5AE3240046E11F /* Debug */,
				C127208E2B5AE3240046E11F /* Release */,
			);
			defaultConfigurationIsVisible = 0;
			defaultConfigurationName = Release;
		};
		C127208F2B5AE3240046E11F /* Build configuration list for PBXNativeTarget "ProiectCM" */ = {
			isa = XCConfigurationList;
			buildConfigurations = (
				C12720902B5AE3240046E11F /* Debug */,
				C12720912B5AE3240046E11F /* Release */,
			);
			defaultConfigurationIsVisible = 0;
			defaultConfigurationName = Release;
		};
/* End XCConfigurationList section */

/* Begin XCRemoteSwiftPackageReference section */
		C1C720D02B5C1EAC00F1CCA5 /* XCRemoteSwiftPackageReference "swiftui-navigation" */ = {
			isa = XCRemoteSwiftPackageReference;
			repositoryURL = "https://github.com/pointfreeco/swiftui-navigation.git";
			requirement = {
				kind = upToNextMajorVersion;
				minimumVersion = 1.2.0;
			};
		};
		C1C720D52B5C1ECE00F1CCA5 /* XCRemoteSwiftPackageReference "swiftui-navigation-stack" */ = {
			isa = XCRemoteSwiftPackageReference;
			repositoryURL = "https://github.com/matteopuc/swiftui-navigation-stack.git";
			requirement = {
				kind = upToNextMajorVersion;
				minimumVersion = 1.0.6;
			};
		};
		C1C7210E2B5C483D00F1CCA5 /* XCRemoteSwiftPackageReference "Alamofire" */ = {
			isa = XCRemoteSwiftPackageReference;
			repositoryURL = "https://github.com/Alamofire/Alamofire.git";
			requirement = {
				kind = upToNextMajorVersion;
				minimumVersion = 5.8.1;
			};
		};
		C1C878072B5C13B800F5CA7E /* XCRemoteSwiftPackageReference "swiftui-introspect" */ = {
			isa = XCRemoteSwiftPackageReference;
			repositoryURL = "https://github.com/siteline/swiftui-introspect.git";
			requirement = {
				kind = upToNextMajorVersion;
				minimumVersion = 1.1.2;
			};
		};
/* End XCRemoteSwiftPackageReference section */

/* Begin XCSwiftPackageProductDependency section */
		C1C720D12B5C1EAC00F1CCA5 /* SwiftUINavigation */ = {
			isa = XCSwiftPackageProductDependency;
			package = C1C720D02B5C1EAC00F1CCA5 /* XCRemoteSwiftPackageReference "swiftui-navigation" */;
			productName = SwiftUINavigation;
		};
		C1C720D32B5C1EAC00F1CCA5 /* SwiftUINavigationCore */ = {
			isa = XCSwiftPackageProductDependency;
			package = C1C720D02B5C1EAC00F1CCA5 /* XCRemoteSwiftPackageReference "swiftui-navigation" */;
			productName = SwiftUINavigationCore;
		};
		C1C720D62B5C1ECE00F1CCA5 /* NavigationStack */ = {
			isa = XCSwiftPackageProductDependency;
			package = C1C720D52B5C1ECE00F1CCA5 /* XCRemoteSwiftPackageReference "swiftui-navigation-stack" */;
			productName = NavigationStack;
		};
		C1C7210F2B5C483D00F1CCA5 /* Alamofire */ = {
			isa = XCSwiftPackageProductDependency;
			package = C1C7210E2B5C483D00F1CCA5 /* XCRemoteSwiftPackageReference "Alamofire" */;
			productName = Alamofire;
		};
		C1C878082B5C13B800F5CA7E /* SwiftUIIntrospect */ = {
			isa = XCSwiftPackageProductDependency;
			package = C1C878072B5C13B800F5CA7E /* XCRemoteSwiftPackageReference "swiftui-introspect" */;
			productName = SwiftUIIntrospect;
		};
		C1C8780A2B5C13B800F5CA7E /* SwiftUIIntrospect-Dynamic */ = {
			isa = XCSwiftPackageProductDependency;
			package = C1C878072B5C13B800F5CA7E /* XCRemoteSwiftPackageReference "swiftui-introspect" */;
			productName = "SwiftUIIntrospect-Dynamic";
		};
		C1C8780C2B5C13B800F5CA7E /* SwiftUIIntrospect-Static */ = {
			isa = XCSwiftPackageProductDependency;
			package = C1C878072B5C13B800F5CA7E /* XCRemoteSwiftPackageReference "swiftui-introspect" */;
			productName = "SwiftUIIntrospect-Static";
		};
/* End XCSwiftPackageProductDependency section */
	};
	rootObject = C12720782B5AE3220046E11F /* Project object */;
}
